
Microsoft Visual Studio Solution File, Format Version 12.00
# Visual Studio Version 17
VisualStudioVersion = 17.4.33213.308
MinimumVisualStudioVersion = 10.0.40219.1
Project("{FAE04EC0-301F-11D3-BF4B-00C04F79EFBC}") = "Deliverable_3", "Deliverable_3\Deliverable_3.csproj", "{CBD531D5-4E34-4B3B-9C53-B316A8051FBC}"
EndProject
Global
	GlobalSection(SolutionConfigurationPlatforms) = preSolution
		Debug|Any CPU = Debug|Any CPU
		Release|Any CPU = Release|Any CPU
	EndGlobalSection
	GlobalSection(ProjectConfigurationPlatforms) = postSolution
		{CBD531D5-4E34-4B3B-9C53-B316A8051FBC}.Debug|Any CPU.ActiveCfg = Debug|Any CPU
		{CBD531D5-4E34-4B3B-9C53-B316A8051FBC}.Debug|Any CPU.Build.0 = Debug|Any CPU
		{CBD531D5-4E34-4B3B-9C53-B316A8051FBC}.Release|Any CPU.ActiveCfg = Release|Any CPU
		{CBD531D5-4E34-4B3B-9C53-B316A8051FBC}.Release|Any CPU.Build.0 = Release|Any CPU
	EndGlobalSection
	GlobalSection(SolutionProperties) = preSolution
		HideSolutionNode = FALSE
	EndGlobalSection
	GlobalSection(ExtensibilityGlobals) = postSolution
		SolutionGuid = {70055CBA-972A-44DA-87CC-D4ED7F1610F8}
	EndGlobalSection
EndGlobal
